{
  "requires": true,
  "lockfileVersion": 1,
  "dependencies": {
    "@ionic-native/email-composer": {
      "version": "5.33.1",
      "resolved": "https://registry.npmjs.org/@ionic-native/email-composer/-/email-composer-5.33.1.tgz",
      "integrity": "sha512-20xpIQCsJBoeB4SEyTRQu/lJDPRN4iKpd04zOEOaIPglPr3a2hWQjDXWSeyEWIqY/m0AesE+CxabgtDbyFgdJw==",
      "requires": {
        "@types/cordova": "^0.0.34"
      }
    },
    "@types/cordova": {
      "version": "0.0.34",
      "resolved": "https://registry.npmjs.org/@types/cordova/-/cordova-0.0.34.tgz",
      "integrity": "sha1-6nrd907Ow9dimCegw54smt3HPQQ="
    },
    "cordova-plugin-email-composer": {
      "version": "0.9.2",
      "resolved": "https://registry.npmjs.org/cordova-plugin-email-composer/-/cordova-plugin-email-composer-0.9.2.tgz",
      "integrity": "sha512-w8eQZ6lbYWut13o/Cprixmacfyq5hds7DAjuTL34eQhyWWd/DA/o6ziiyY3So2ZOozeQ4DxQpyPN4BiqUKcyew=="
    },
    "ng2-google-charts": {
      "version": "6.1.0",
      "resolved": "https://registry.npmjs.org/ng2-google-charts/-/ng2-google-charts-6.1.0.tgz",
      "integrity": "sha512-nbxG4QdXVM8/ZsbMeMuETHYDQ8JfGDcNYBw8GjeAyZTykVjQykrjUgY+KRGIquhLJIoGMY7myCjlR4YZeKBNcQ==",
      "requires": {
        "tslib": "^1.9.0"
      }
    },
    "tslib": {
      "version": "1.14.1",
      "resolved": "https://registry.npmjs.org/tslib/-/tslib-1.14.1.tgz",
      "integrity": "sha512-Xni35NKzjgMrwevysHTCArtLDpPvye8zV/0E4EyYn43P7/7qvQwPh9BGkHewbMulVntbigmcT7rdX3BNo9wRJg=="
    }
  }
}
